// !$*UTF8*$!
{
	archiveVersion = 1;
	classes = {
	};
	objectVersion = 50;
	objects = {

/* Begin PBXBuildFile section */
		55CBEF1B21ADB72400E963B9 /* AppDelegate.swift in Sources */ = {isa = PBXBuildFile; fileRef = 55CBEF1A21ADB72400E963B9 /* AppDelegate.swift */; };
		55CBEF1D21ADB72400E963B9 /* ViewController.swift in Sources */ = {isa = PBXBuildFile; fileRef = 55CBEF1C21ADB72400E963B9 /* ViewController.swift */; };
		55CBEF2021ADB72400E963B9 /* Main.storyboard in Resources */ = {isa = PBXBuildFile; fileRef = 55CBEF1E21ADB72400E963B9 /* Main.storyboard */; };
		55CBEF2221ADB72500E963B9 /* Assets.xcassets in Resources */ = {isa = PBXBuildFile; fileRef = 55CBEF2121ADB72500E963B9 /* Assets.xcassets */; };
		55CBEF2521ADB72500E963B9 /* LaunchScreen.storyboard in Resources */ = {isa = PBXBuildFile; fileRef = 55CBEF2321ADB72500E963B9 /* LaunchScreen.storyboard */; };
/* End PBXBuildFile section */

/* Begin PBXFileReference section */
		55CBEF1721ADB72400E963B9 /* AudioEngineUnit Demo.app */ = {isa = PBXFileReference; explicitFileType = wrapper.application; includeInIndex = 0; path = "AudioEngineUnit Demo.app"; sourceTree = BUILT_PRODUCTS_DIR; };
		55CBEF1A21ADB72400E963B9 /* AppDelegate.swift */ = {isa = PBXFileReference; lastKnownFileType = sourcecode.swift; path = AppDelegate.swift; sourceTree = "<group>"; };
		55CBEF1C21ADB72400E963B9 /* ViewController.swift */ = {isa = PBXFileReference; lastKnownFileType = sourcecode.swift; path = ViewController.swift; sourceTree = "<group>"; };
		55CBEF1F21ADB72400E963B9 /* Base */ = {isa = PBXFileReference; lastKnownFileType = file.storyboard; name = Base; path = Base.lproj/Main.storyboard; sourceTree = "<group>"; };
		55CBEF2121ADB72500E963B9 /* Assets.xcassets */ = {isa = PBXFileReference; lastKnownFileType = folder.assetcatalog; path = Assets.xcassets; sourceTree = "<group>"; };
		55CBEF2421ADB72500E963B9 /* Base */ = {isa = PBXFileReference; lastKnownFileType = file.storyboard; name = Base; path = Base.lproj/LaunchScreen.storyboard; sourceTree = "<group>"; };
		55CBEF2621ADB72500E963B9 /* Info.plist */ = {isa = PBXFileReference; lastKnownFileType = text.plist.xml; path = Info.plist; sourceTree = "<group>"; };
/* End PBXFileReference section */

/* Begin PBXFrameworksBuildPhase section */
		55CBEF1421ADB72400E963B9 /* Frameworks */ = {
			isa = PBXFrameworksBuildPhase;
			buildActionMask = 2147483647;
			files = (
			);
			runOnlyForDeploymentPostprocessing = 0;
		};
/* End PBXFrameworksBuildPhase section */

/* Begin PBXGroup section */
		55CBEF0E21ADB72400E963B9 = {
			isa = PBXGroup;
			children = (
				55CBEF1921ADB72400E963B9 /* AudioEngineUnit Demo */,
				55CBEF1821ADB72400E963B9 /* Products */,
			);
			sourceTree = "<group>";
		};
		55CBEF1821ADB72400E963B9 /* Products */ = {
			isa = PBXGroup;
			children = (
				55CBEF1721ADB72400E963B9 /* AudioEngineUnit Demo.app */,
			);
			name = Products;
			sourceTree = "<group>";
		};
		55CBEF1921ADB72400E963B9 /* AudioEngineUnit Demo */ = {
			isa = PBXGroup;
			children = (
				55CBEF1A21ADB72400E963B9 /* AppDelegate.swift */,
				55CBEF1C21ADB72400E963B9 /* ViewController.swift */,
				55CBEF1E21ADB72400E963B9 /* Main.storyboard */,
				55CBEF2121ADB72500E963B9 /* Assets.xcassets */,
				55CBEF2321ADB72500E963B9 /* LaunchScreen.storyboard */,
				55CBEF2621ADB72500E963B9 /* Info.plist */,
			);
			path = "AudioEngineUnit Demo";
			sourceTree = "<group>";
		};
/* End PBXGroup section */

/* Begin PBXNativeTarget section */
		55CBEF1621ADB72400E963B9 /* AudioEngineUnit Demo */ = {
			isa = PBXNativeTarget;
			buildConfigurationList = 55CBEF2921ADB72500E963B9 /* Build configuration list for PBXNativeTarget "AudioEngineUnit Demo" */;
			buildPhases = (
				55CBEF1321ADB72400E963B9 /* Sources */,
				55CBEF1421ADB72400E963B9 /* Frameworks */,
				55CBEF1521ADB72400E963B9 /* Resources */,
			);
			buildRules = (
			);
			dependencies = (
			);
			name = "AudioEngineUnit Demo";
			productName = "AudioEngineUnit Demo";
			productReference = 55CBEF1721ADB72400E963B9 /* AudioEngineUnit Demo.app */;
			productType = "com.apple.product-type.application";
		};
/* End PBXNativeTarget section */

/* Begin PBXProject section */
		55CBEF0F21ADB72400E963B9 /* Project object */ = {
			isa = PBXProject;
			attributes = {
				LastSwiftUpdateCheck = 1010;
				LastUpgradeCheck = 1010;
				ORGANIZATIONNAME = oneill;
				TargetAttributes = {
					55CBEF1621ADB72400E963B9 = {
						CreatedOnToolsVersion = 10.1;
					};
				};
			};
			buildConfigurationList = 55CBEF1221ADB72400E963B9 /* Build configuration list for PBXProject "AudioEngineUnit Demo" */;
			compatibilityVersion = "Xcode 9.3";
			developmentRegion = en;
			hasScannedForEncodings = 0;
			knownRegions = (
				en,
				Base,
			);
			mainGroup = 55CBEF0E21ADB72400E963B9;
			productRefGroup = 55CBEF1821ADB72400E963B9 /* Products */;
			projectDirPath = "";
			projectRoot = "";
			targets = (
				55CBEF1621ADB72400E963B9 /* AudioEngineUnit Demo */,
			);
		};
/* End PBXProject section */

/* Begin PBXResourcesBuildPhase section */
		55CBEF1521ADB72400E963B9 /* Resources */ = {
			isa = PBXResourcesBuildPhase;
			buildActionMask = 2147483647;
			files = (
				55CBEF2521ADB72500E963B9 /* LaunchScreen.storyboard in Resources */,
				55CBEF2221ADB72500E963B9 /* Assets.xcassets in Resources */,
				55CBEF2021ADB72400E963B9 /* Main.storyboard in Resources */,
			);
			runOnlyForDeploymentPostprocessing = 0;
		};
/* End PBXResourcesBuildPhase section */

/* Begin PBXSourcesBuildPhase section */
		55CBEF1321ADB72400E963B9 /* Sources */ = {
			isa = PBXSourcesBuildPhase;
			buildActionMask = 2147483647;
			files = (
				55CBEF1D21ADB72400E963B9 /* ViewController.swift in Sources */,
				55CBEF1B21ADB72400E963B9 /* AppDelegate.swift in Sources */,
			);
			runOnlyForDeploymentPostprocessing = 0;
		};
/* End PBXSourcesBuildPhase section */

/* Begin PBXVariantGroup section */
		55CBEF1E21ADB72400E963B9 /* Main.storyboard */ = {
			isa = PBXVariantGroup;
			children = (
				55CBEF1F21ADB72400E963B9 /* Base */,
			);
			name = Main.storyboard;
			sourceTree = "<group>";
		};
		55CBEF2321ADB72500E963B9 /* LaunchScreen.storyboard */ = {
			isa = PBXVariantGroup;
			children = (
				55CBEF2421ADB72500E963B9 /* Base */,
			);
			name = LaunchScreen.storyboard;
			sourceTree = "<group>";
		};
/* End PBXVariantGroup section */

/* Begin XCBuildConfiguration section */
		55CBEF2721ADB72500E963B9 /* Debug */ = {
			isa = XCBuildConfiguration;
			buildSettings = {
				ALWAYS_SEARCH_USER_PATHS = NO;
				CLANG_ANALYZER_NONNULL = YES;
				CLANG_ANALYZER_NUMBER_OBJECT_CONVERSION = YES_AGGRESSIVE;
				CLANG_CXX_LANGUAGE_STANDARD = "gnu++14";
				CLANG_CXX_LIBRARY = "libc++";
				CLANG_ENABLE_MODULES = YES;
				CLANG_ENABLE_OBJC_ARC = YES;
				CLANG_ENABLE_OBJC_WEAK = YES;
				CLANG_WARN_BLOCK_CAPTURE_AUTORELEASING = YES;
				CLANG_WARN_BOOL_CONVERSION = YES;
				CLANG_WARN_COMMA = YES;
				CLANG_WARN_CONSTANT_CONVERSION = YES;
				CLANG_WARN_DEPRECATED_OBJC_IMPLEMENTATIONS = YES;
				CLANG_WARN_DIRECT_OBJC_ISA_USAGE = YES_ERROR;
				CLANG_WARN_DOCUMENTATION_COMMENTS = YES;
				CLANG_WARN_EMPTY_BODY = YES;
				CLANG_WARN_ENUM_CONVERSION = YES;
				CLANG_WARN_INFINITE_RECURSION = YES;
				CLANG_WARN_INT_CONVERSION = YES;
				CLANG_WARN_NON_LITERAL_NULL_CONVERSION = YES;
				CLANG_WARN_OBJC_IMPLICIT_RETAIN_SELF = YES;
				CLANG_WARN_OBJC_LITERAL_CONVERSION = YES;
				CLANG_WARN_OBJC_ROOT_CLASS = YES_ERROR;
				CLANG_WARN_RANGE_LOOP_ANALYSIS = YES;
				CLANG_WARN_STRICT_PROTOTYPES = YES;
				CLANG_WARN_SUSPICIOUS_MOVE = YES;
				CLANG_WARN_UNGUARDED_AVAILABILITY = YES_AGGRESSIVE;
				CLANG_WARN_UNREACHABLE_CODE = YES;
				CLANG_WARN__DUPLICATE_METHOD_MATCH = YES;
				CODE_SIGN_IDENTITY = "iPhone Developer";
				COPY_PHASE_STRIP = NO;
				DEBUG_INFORMATION_FORMAT = dwarf;
				ENABLE_STRICT_OBJC_MSGSEND = YES;
				ENABLE_TESTABILITY = YES;
				GCC_C_LANGUAGE_STANDARD = gnu11;
				GCC_DYNAMIC_NO_PIC = NO;
				GCC_NO_COMMON_BLOCKS = YES;
				GCC_OPTIMIZATION_LEVEL = 0;
				GCC_PREPROCESSOR_DEFINITIONS = (
					"DEBUG=1",
					"$(inherited)",
				);
				GCC_WARN_64_TO_32_BIT_CONVERSION = YES;
				GCC_WARN_ABOUT_RETURN_TYPE = YES_ERROR;
				GCC_WARN_UNDECLARED_SELECTOR = YES;
				GCC_WARN_UNINITIALIZED_AUTOS = YES_AGGRESSIVE;
				GCC_WARN_UNUSED_FUNCTION = YES;
				GCC_WARN_UNUSED_VARIABLE = YES;
				IPHONEOS_DEPLOYMENT_TARGET = 12.1;
				MTL_ENABLE_DEBUG_INFO = INCLUDE_SOURCE;
				MTL_FAST_MATH = YES;
				ONLY_ACTIVE_ARCH = YES;
				SDKROOT = iphoneos;
				SWIFT_ACTIVE_COMPILATION_CONDITIONS = DEBUG;
				SWIFT_OPTIMIZATION_LEVEL = "-Onone";
			};
			name = Debug;
		};
		55CBEF2821ADB72500E963B9 /* Release */ = {
			isa = XCBuildConfiguration;
			buildSettings = {
				ALWAYS_SEARCH_USER_PATHS = NO;
				CLANG_ANALYZER_NONNULL = YES;
				CLANG_ANALYZER_NUMBER_OBJECT_CONVERSION = YES_AGGRESSIVE;
				CLANG_CXX_LANGUAGE_STANDARD = "gnu++14";
				CLANG_CXX_LIBRARY = "libc++";
				CLANG_ENABLE_MODULES = YES;
				CLANG_ENABLE_OBJC_ARC = YES;
				CLANG_ENABLE_OBJC_WEAK = YES;
				CLANG_WARN_BLOCK_CAPTURE_AUTORELEASING = YES;
				CLANG_WARN_BOOL_CONVERSION = YES;
				CLANG_WARN_COMMA = YES;
				CLANG_WARN_CONSTANT_CONVERSION = YES;
				CLANG_WARN_DEPRECATED_OBJC_IMPLEMENTATIONS = YES;
				CLANG_WARN_DIRECT_OBJC_ISA_USAGE = YES_ERROR;
				CLANG_WARN_DOCUMENTATION_COMMENTS = YES;
				CLANG_WARN_EMPTY_BODY = YES;
				CLANG_WARN_ENUM_CONVERSION = YES;
				CLANG_WARN_INFINITE_RECURSION = YES;
				CLANG_WARN_INT_CONVERSION = YES;
				CLANG_WARN_NON_LITERAL_NULL_CONVERSION = YES;
				CLANG_WARN_OBJC_IMPLICIT_RETAIN_SELF = YES;
				CLANG_WARN_OBJC_LITERAL_CONVERSION = YES;
				CLANG_WARN_OBJC_ROOT_CLASS = YES_ERROR;
				CLANG_WARN_RANGE_LOOP_ANALYSIS = YES;
				CLANG_WARN_STRICT_PROTOTYPES = YES;
				CLANG_WARN_SUSPICIOUS_MOVE = YES;
				CLANG_WARN_UNGUARDED_AVAILABILITY = YES_AGGRESSIVE;
				CLANG_WARN_UNREACHABLE_CODE = YES;
				CLANG_WARN__DUPLICATE_METHOD_MATCH = YES;
				CODE_SIGN_IDENTITY = "iPhone Developer";
				COPY_PHASE_STRIP = NO;
				DEBUG_INFORMATION_FORMAT = "dwarf-with-dsym";
				ENABLE_NS_ASSERTIONS = NO;
				ENABLE_STRICT_OBJC_MSGSEND = YES;
				GCC_C_LANGUAGE_STANDARD = gnu11;
				GCC_NO_COMMON_BLOCKS = YES;
				GCC_WARN_64_TO_32_BIT_CONVERSION = YES;
				GCC_WARN_ABOUT_RETURN_TYPE = YES_ERROR;
				GCC_WARN_UNDECLARED_SELECTOR = YES;
				GCC_WARN_UNINITIALIZED_AUTOS = YES_AGGRESSIVE;
				GCC_WARN_UNUSED_FUNCTION = YES;
				GCC_WARN_UNUSED_VARIABLE = YES;
				IPHONEOS_DEPLOYMENT_TARGET = 12.1;
				MTL_ENABLE_DEBUG_INFO = NO;
				MTL_FAST_MATH = YES;
				SDKROOT = iphoneos;
				SWIFT_COMPILATION_MODE = wholemodule;
				SWIFT_OPTIMIZATION_LEVEL = "-O";
				VALIDATE_PRODUCT = YES;
			};
			name = Release;
		};
		55CBEF2A21ADB72500E963B9 /* Debug */ = {
			isa = XCBuildConfiguration;
			buildSettings = {
				ASSETCATALOG_COMPILER_APPICON_NAME = AppIcon;
				CODE_SIGN_STYLE = Automatic;
				DEVELOPMENT_TEAM = PM27ULWQ66;
				INFOPLIST_FILE = "AudioEngineUnit Demo/Info.plist";
				LD_RUNPATH_SEARCH_PATHS = (
					"$(inherited)",
					"@executable_path/Frameworks",
				);
				PRODUCT_BUNDLE_IDENTIFIER = "com.oneill.AudioEngineUnit-Demo";
				PRODUCT_NAME = "$(TARGET_NAME)";
				SWIFT_VERSION = 4.2;
				TARGETED_DEVICE_FAMILY = "1,2";
			};
			name = Debug;
		};
		55CBEF2B21ADB72500E963B9 /* Release */ = {
			isa = XCBuildConfiguration;
			buildSettings = {
				ASSETCATALOG_COMPILER_APPICON_NAME = AppIcon;
				CODE_SIGN_STYLE = Automatic;
				DEVELOPMENT_TEAM = PM27ULWQ66;
				INFOPLIST_FILE = "AudioEngineUnit Demo/Info.plist";
				LD_RUNPATH_SEARCH_PATHS = (
					"$(inherited)",
					"@executable_path/Frameworks",
				);
				PRODUCT_BUNDLE_IDENTIFIER = "com.oneill.AudioEngineUnit-Demo";
				PRODUCT_NAME = "$(TARGET_NAME)";
				SWIFT_VERSION = 4.2;
				TARGETED_DEVICE_FAMILY = "1,2";
			};
			name = Release;
		};
/* End XCBuildConfiguration section */

/* Begin XCConfigurationList section */
		55CBEF1221ADB72400E963B9 /* Build configuration list for PBXProject "AudioEngineUnit Demo" */ = {
			isa = XCConfigurationList;
			buildConfigurations = (
				55CBEF2721ADB72500E963B9 /* Debug */,
				55CBEF2821ADB72500E963B9 /* Release */,
			);
			defaultConfigurationIsVisible = 0;
			defaultConfigurationName = Release;
		};
		55CBEF2921ADB72500E963B9 /* Build configuration list for PBXNativeTarget "AudioEngineUnit Demo" */ = {
			isa = XCConfigurationList;
			buildConfigurations = (
				55CBEF2A21ADB72500E963B9 /* Debug */,
				55CBEF2B21ADB72500E963B9 /* Release */,
			);
			defaultConfigurationIsVisible = 0;
			defaultConfigurationName = Release;
		};
/* End XCConfigurationList section */
	};
	rootObject = 55CBEF0F21ADB72400E963B9 /* Project object */;
}
